
Microsoft Visual Studio Solution File, Format Version 12.00
# Visual Studio Version 17
VisualStudioVersion = 17.2.32526.322
MinimumVisualStudioVersion = 10.0.40219.1
Project("{FAE04EC0-301F-11D3-BF4B-00C04F79EFBC}") = "ConsoleApp5", "ConsoleApp5.csproj", "{D6F5D7DE-C428-44A9-9B9D-0FCC15ABC2C0}"
EndProject
Global
	GlobalSection(SolutionConfigurationPlatforms) = preSolution
		Debug|Any CPU = Debug|Any CPU
		Release|Any CPU = Release|Any CPU
	EndGlobalSection
	GlobalSection(ProjectConfigurationPlatforms) = postSolution
		{D6F5D7DE-C428-44A9-9B9D-0FCC15ABC2C0}.Debug|Any CPU.ActiveCfg = Debug|Any CPU
		{D6F5D7DE-C428-44A9-9B9D-0FCC15ABC2C0}.Debug|Any CPU.Build.0 = Debug|Any CPU
		{D6F5D7DE-C428-44A9-9B9D-0FCC15ABC2C0}.Release|Any CPU.ActiveCfg = Release|Any CPU
		{D6F5D7DE-C428-44A9-9B9D-0FCC15ABC2C0}.Release|Any CPU.Build.0 = Release|Any CPU
	EndGlobalSection
	GlobalSection(SolutionProperties) = preSolution
		HideSolutionNode = FALSE
	EndGlobalSection
	GlobalSection(ExtensibilityGlobals) = postSolution
		SolutionGuid = {B6D54092-CF5F-4E39-BEEA-D329E4049C1A}
	EndGlobalSection
EndGlobal
